// !$*UTF8*$!
{
	archiveVersion = 1;
	classes = {
	};
	objectVersion = 50;
	objects = {

/* Begin PBXBuildFile section */
		6E7912FC236DD21500919C8E /* DiskNode.swift in Sources */ = {isa = PBXBuildFile; fileRef = 6E7912FB236DD21500919C8E /* DiskNode.swift */; };
		6E791302236DD4E500919C8E /* TowerNode.swift in Sources */ = {isa = PBXBuildFile; fileRef = 6E791301236DD4E500919C8E /* TowerNode.swift */; };
		6E791305236DD53F00919C8E /* Stack.swift in Sources */ = {isa = PBXBuildFile; fileRef = 6E791304236DD53F00919C8E /* Stack.swift */; };
		6E791308236DD63900919C8E /* BaseNode.swift in Sources */ = {isa = PBXBuildFile; fileRef = 6E791307236DD63900919C8E /* BaseNode.swift */; };
		6E79130A236DD69200919C8E /* GameScene.swift in Sources */ = {isa = PBXBuildFile; fileRef = 6E791309236DD69200919C8E /* GameScene.swift */; };
		6EF23C71236B55A30086A8ED /* AppDelegate.swift in Sources */ = {isa = PBXBuildFile; fileRef = 6EF23C70236B55A30086A8ED /* AppDelegate.swift */; };
		6EF23C73236B55A30086A8ED /* SceneDelegate.swift in Sources */ = {isa = PBXBuildFile; fileRef = 6EF23C72236B55A30086A8ED /* SceneDelegate.swift */; };
		6EF23C75236B55A30086A8ED /* ViewController.swift in Sources */ = {isa = PBXBuildFile; fileRef = 6EF23C74236B55A30086A8ED /* ViewController.swift */; };
		6EF23C78236B55A30086A8ED /* Main.storyboard in Resources */ = {isa = PBXBuildFile; fileRef = 6EF23C76236B55A30086A8ED /* Main.storyboard */; };
		6EF23C7A236B55A80086A8ED /* Assets.xcassets in Resources */ = {isa = PBXBuildFile; fileRef = 6EF23C79236B55A80086A8ED /* Assets.xcassets */; };
		6EF23C7D236B55A80086A8ED /* LaunchScreen.storyboard in Resources */ = {isa = PBXBuildFile; fileRef = 6EF23C7B236B55A80086A8ED /* LaunchScreen.storyboard */; };
		6EF23C8B236B613F0086A8ED /* Tower.swift in Sources */ = {isa = PBXBuildFile; fileRef = 6EF23C8A236B613F0086A8ED /* Tower.swift */; };
		E29000842371202C00D74D90 /* UIColor+random.swift in Sources */ = {isa = PBXBuildFile; fileRef = E29000832371202C00D74D90 /* UIColor+random.swift */; };
/* End PBXBuildFile section */

/* Begin PBXFileReference section */
		6E7912FB236DD21500919C8E /* DiskNode.swift */ = {isa = PBXFileReference; lastKnownFileType = sourcecode.swift; path = DiskNode.swift; sourceTree = "<group>"; };
		6E791301236DD4E500919C8E /* TowerNode.swift */ = {isa = PBXFileReference; lastKnownFileType = sourcecode.swift; path = TowerNode.swift; sourceTree = "<group>"; };
		6E791304236DD53F00919C8E /* Stack.swift */ = {isa = PBXFileReference; lastKnownFileType = sourcecode.swift; path = Stack.swift; sourceTree = "<group>"; };
		6E791307236DD63900919C8E /* BaseNode.swift */ = {isa = PBXFileReference; lastKnownFileType = sourcecode.swift; path = BaseNode.swift; sourceTree = "<group>"; };
		6E791309236DD69200919C8E /* GameScene.swift */ = {isa = PBXFileReference; lastKnownFileType = sourcecode.swift; path = GameScene.swift; sourceTree = "<group>"; };
		6EF23C6D236B55A30086A8ED /* TowerOfHanoi.app */ = {isa = PBXFileReference; explicitFileType = wrapper.application; includeInIndex = 0; path = TowerOfHanoi.app; sourceTree = BUILT_PRODUCTS_DIR; };
		6EF23C70236B55A30086A8ED /* AppDelegate.swift */ = {isa = PBXFileReference; lastKnownFileType = sourcecode.swift; path = AppDelegate.swift; sourceTree = "<group>"; };
		6EF23C72236B55A30086A8ED /* SceneDelegate.swift */ = {isa = PBXFileReference; lastKnownFileType = sourcecode.swift; path = SceneDelegate.swift; sourceTree = "<group>"; };
		6EF23C74236B55A30086A8ED /* ViewController.swift */ = {isa = PBXFileReference; lastKnownFileType = sourcecode.swift; path = ViewController.swift; sourceTree = "<group>"; };
		6EF23C77236B55A30086A8ED /* Base */ = {isa = PBXFileReference; lastKnownFileType = file.storyboard; name = Base; path = Base.lproj/Main.storyboard; sourceTree = "<group>"; };
		6EF23C79236B55A80086A8ED /* Assets.xcassets */ = {isa = PBXFileReference; lastKnownFileType = folder.assetcatalog; path = Assets.xcassets; sourceTree = "<group>"; };
		6EF23C7C236B55A80086A8ED /* Base */ = {isa = PBXFileReference; lastKnownFileType = file.storyboard; name = Base; path = Base.lproj/LaunchScreen.storyboard; sourceTree = "<group>"; };
		6EF23C7E236B55A80086A8ED /* Info.plist */ = {isa = PBXFileReference; lastKnownFileType = text.plist.xml; path = Info.plist; sourceTree = "<group>"; };
		6EF23C8A236B613F0086A8ED /* Tower.swift */ = {isa = PBXFileReference; lastKnownFileType = sourcecode.swift; path = Tower.swift; sourceTree = "<group>"; };
		E29000832371202C00D74D90 /* UIColor+random.swift */ = {isa = PBXFileReference; lastKnownFileType = sourcecode.swift; path = "UIColor+random.swift"; sourceTree = "<group>"; };
/* End PBXFileReference section */

/* Begin PBXFrameworksBuildPhase section */
		6EF23C6A236B55A30086A8ED /* Frameworks */ = {
			isa = PBXFrameworksBuildPhase;
			buildActionMask = 2147483647;
			files = (
			);
			runOnlyForDeploymentPostprocessing = 0;
		};
/* End PBXFrameworksBuildPhase section */

/* Begin PBXGroup section */
		6E7912FA236DD20300919C8E /* Nodes */ = {
			isa = PBXGroup;
			children = (
				6E791306236DD62A00919C8E /* BaseNode */,
				6E791300236DD4CB00919C8E /* TowerNode */,
				6E7912FD236DD24600919C8E /* DiskNode */,
			);
			path = Nodes;
			sourceTree = "<group>";
		};
		6E7912FD236DD24600919C8E /* DiskNode */ = {
			isa = PBXGroup;
			children = (
				6E7912FB236DD21500919C8E /* DiskNode.swift */,
			);
			path = DiskNode;
			sourceTree = "<group>";
		};
		6E791300236DD4CB00919C8E /* TowerNode */ = {
			isa = PBXGroup;
			children = (
				6E791301236DD4E500919C8E /* TowerNode.swift */,
			);
			path = TowerNode;
			sourceTree = "<group>";
		};
		6E791303236DD53600919C8E /* Stack */ = {
			isa = PBXGroup;
			children = (
				6E791304236DD53F00919C8E /* Stack.swift */,
			);
			path = Stack;
			sourceTree = "<group>";
		};
		6E791306236DD62A00919C8E /* BaseNode */ = {
			isa = PBXGroup;
			children = (
				6E791307236DD63900919C8E /* BaseNode.swift */,
			);
			path = BaseNode;
			sourceTree = "<group>";
		};
		6EF23C64236B55A30086A8ED = {
			isa = PBXGroup;
			children = (
				6EF23C6F236B55A30086A8ED /* TowerOfHanoi */,
				6EF23C6E236B55A30086A8ED /* Products */,
			);
			sourceTree = "<group>";
		};
		6EF23C6E236B55A30086A8ED /* Products */ = {
			isa = PBXGroup;
			children = (
				6EF23C6D236B55A30086A8ED /* TowerOfHanoi.app */,
			);
			name = Products;
			sourceTree = "<group>";
		};
		6EF23C6F236B55A30086A8ED /* TowerOfHanoi */ = {
			isa = PBXGroup;
			children = (
				E29000822371201400D74D90 /* Extensions */,
				6E791303236DD53600919C8E /* Stack */,
				6E7912FA236DD20300919C8E /* Nodes */,
				6EF23C89236B612E0086A8ED /* TowerOfHanoi */,
				6EF23C88236B611E0086A8ED /* Core */,
			);
			path = TowerOfHanoi;
			sourceTree = "<group>";
		};
		6EF23C88236B611E0086A8ED /* Core */ = {
			isa = PBXGroup;
			children = (
				6EF23C70236B55A30086A8ED /* AppDelegate.swift */,
				6E791309236DD69200919C8E /* GameScene.swift */,
				6EF23C72236B55A30086A8ED /* SceneDelegate.swift */,
				6EF23C74236B55A30086A8ED /* ViewController.swift */,
				6EF23C76236B55A30086A8ED /* Main.storyboard */,
				6EF23C79236B55A80086A8ED /* Assets.xcassets */,
				6EF23C7B236B55A80086A8ED /* LaunchScreen.storyboard */,
				6EF23C7E236B55A80086A8ED /* Info.plist */,
			);
			path = Core;
			sourceTree = "<group>";
		};
		6EF23C89236B612E0086A8ED /* TowerOfHanoi */ = {
			isa = PBXGroup;
			children = (
				6EF23C8A236B613F0086A8ED /* Tower.swift */,
			);
			path = TowerOfHanoi;
			sourceTree = "<group>";
		};
		E29000822371201400D74D90 /* Extensions */ = {
			isa = PBXGroup;
			children = (
				E29000832371202C00D74D90 /* UIColor+random.swift */,
			);
			path = Extensions;
			sourceTree = "<group>";
		};
/* End PBXGroup section */

/* Begin PBXNativeTarget section */
		6EF23C6C236B55A30086A8ED /* TowerOfHanoi */ = {
			isa = PBXNativeTarget;
			buildConfigurationList = 6EF23C81236B55A80086A8ED /* Build configuration list for PBXNativeTarget "TowerOfHanoi" */;
			buildPhases = (
				6EF23C69236B55A30086A8ED /* Sources */,
				6EF23C6A236B55A30086A8ED /* Frameworks */,
				6EF23C6B236B55A30086A8ED /* Resources */,
			);
			buildRules = (
			);
			dependencies = (
			);
			name = TowerOfHanoi;
			productName = TowerOfHanoi;
			productReference = 6EF23C6D236B55A30086A8ED /* TowerOfHanoi.app */;
			productType = "com.apple.product-type.application";
		};
/* End PBXNativeTarget section */

/* Begin PBXProject section */
		6EF23C65236B55A30086A8ED /* Project object */ = {
			isa = PBXProject;
			attributes = {
				LastSwiftUpdateCheck = 1100;
				LastUpgradeCheck = 1100;
				ORGANIZATIONNAME = "Luis Gustavo Avelino de Lima Jacinto";
				TargetAttributes = {
					6EF23C6C236B55A30086A8ED = {
						CreatedOnToolsVersion = 11.0;
					};
				};
			};
			buildConfigurationList = 6EF23C68236B55A30086A8ED /* Build configuration list for PBXProject "TowerOfHanoi" */;
			compatibilityVersion = "Xcode 9.3";
			developmentRegion = en;
			hasScannedForEncodings = 0;
			knownRegions = (
				en,
				Base,
			);
			mainGroup = 6EF23C64236B55A30086A8ED;
			productRefGroup = 6EF23C6E236B55A30086A8ED /* Products */;
			projectDirPath = "";
			projectRoot = "";
			targets = (
				6EF23C6C236B55A30086A8ED /* TowerOfHanoi */,
			);
		};
/* End PBXProject section */

/* Begin PBXResourcesBuildPhase section */
		6EF23C6B236B55A30086A8ED /* Resources */ = {
			isa = PBXResourcesBuildPhase;
			buildActionMask = 2147483647;
			files = (
				6EF23C7D236B55A80086A8ED /* LaunchScreen.storyboard in Resources */,
				6EF23C7A236B55A80086A8ED /* Assets.xcassets in Resources */,
				6EF23C78236B55A30086A8ED /* Main.storyboard in Resources */,
			);
			runOnlyForDeploymentPostprocessing = 0;
		};
/* End PBXResourcesBuildPhase section */

/* Begin PBXSourcesBuildPhase section */
		6EF23C69236B55A30086A8ED /* Sources */ = {
			isa = PBXSourcesBuildPhase;
			buildActionMask = 2147483647;
			files = (
				6E791308236DD63900919C8E /* BaseNode.swift in Sources */,
				E29000842371202C00D74D90 /* UIColor+random.swift in Sources */,
				6E7912FC236DD21500919C8E /* DiskNode.swift in Sources */,
				6E791305236DD53F00919C8E /* Stack.swift in Sources */,
				6E791302236DD4E500919C8E /* TowerNode.swift in Sources */,
				6EF23C75236B55A30086A8ED /* ViewController.swift in Sources */,
				6E79130A236DD69200919C8E /* GameScene.swift in Sources */,
				6EF23C71236B55A30086A8ED /* AppDelegate.swift in Sources */,
				6EF23C73236B55A30086A8ED /* SceneDelegate.swift in Sources */,
				6EF23C8B236B613F0086A8ED /* Tower.swift in Sources */,
			);
			runOnlyForDeploymentPostprocessing = 0;
		};
/* End PBXSourcesBuildPhase section */

/* Begin PBXVariantGroup section */
		6EF23C76236B55A30086A8ED /* Main.storyboard */ = {
			isa = PBXVariantGroup;
			children = (
				6EF23C77236B55A30086A8ED /* Base */,
			);
			name = Main.storyboard;
			sourceTree = "<group>";
		};
		6EF23C7B236B55A80086A8ED /* LaunchScreen.storyboard */ = {
			isa = PBXVariantGroup;
			children = (
				6EF23C7C236B55A80086A8ED /* Base */,
			);
			name = LaunchScreen.storyboard;
			sourceTree = "<group>";
		};
/* End PBXVariantGroup section */

/* Begin XCBuildConfiguration section */
		6EF23C7F236B55A80086A8ED /* Debug */ = {
			isa = XCBuildConfiguration;
			buildSettings = {
				ALWAYS_SEARCH_USER_PATHS = NO;
				CLANG_ANALYZER_NONNULL = YES;
				CLANG_ANALYZER_NUMBER_OBJECT_CONVERSION = YES_AGGRESSIVE;
				CLANG_CXX_LANGUAGE_STANDARD = "gnu++14";
				CLANG_CXX_LIBRARY = "libc++";
				CLANG_ENABLE_MODULES = YES;
				CLANG_ENABLE_OBJC_ARC = YES;
				CLANG_ENABLE_OBJC_WEAK = YES;
				CLANG_WARN_BLOCK_CAPTURE_AUTORELEASING = YES;
				CLANG_WARN_BOOL_CONVERSION = YES;
				CLANG_WARN_COMMA = YES;
				CLANG_WARN_CONSTANT_CONVERSION = YES;
				CLANG_WARN_DEPRECATED_OBJC_IMPLEMENTATIONS = YES;
				CLANG_WARN_DIRECT_OBJC_ISA_USAGE = YES_ERROR;
				CLANG_WARN_DOCUMENTATION_COMMENTS = YES;
				CLANG_WARN_EMPTY_BODY = YES;
				CLANG_WARN_ENUM_CONVERSION = YES;
				CLANG_WARN_INFINITE_RECURSION = YES;
				CLANG_WARN_INT_CONVERSION = YES;
				CLANG_WARN_NON_LITERAL_NULL_CONVERSION = YES;
				CLANG_WARN_OBJC_IMPLICIT_RETAIN_SELF = YES;
				CLANG_WARN_OBJC_LITERAL_CONVERSION = YES;
				CLANG_WARN_OBJC_ROOT_CLASS = YES_ERROR;
				CLANG_WARN_RANGE_LOOP_ANALYSIS = YES;
				CLANG_WARN_STRICT_PROTOTYPES = YES;
				CLANG_WARN_SUSPICIOUS_MOVE = YES;
				CLANG_WARN_UNGUARDED_AVAILABILITY = YES_AGGRESSIVE;
				CLANG_WARN_UNREACHABLE_CODE = YES;
				CLANG_WARN__DUPLICATE_METHOD_MATCH = YES;
				COPY_PHASE_STRIP = NO;
				DEBUG_INFORMATION_FORMAT = dwarf;
				ENABLE_STRICT_OBJC_MSGSEND = YES;
				ENABLE_TESTABILITY = YES;
				GCC_C_LANGUAGE_STANDARD = gnu11;
				GCC_DYNAMIC_NO_PIC = NO;
				GCC_NO_COMMON_BLOCKS = YES;
				GCC_OPTIMIZATION_LEVEL = 0;
				GCC_PREPROCESSOR_DEFINITIONS = (
					"DEBUG=1",
					"$(inherited)",
				);
				GCC_WARN_64_TO_32_BIT_CONVERSION = YES;
				GCC_WARN_ABOUT_RETURN_TYPE = YES_ERROR;
				GCC_WARN_UNDECLARED_SELECTOR = YES;
				GCC_WARN_UNINITIALIZED_AUTOS = YES_AGGRESSIVE;
				GCC_WARN_UNUSED_FUNCTION = YES;
				GCC_WARN_UNUSED_VARIABLE = YES;
				IPHONEOS_DEPLOYMENT_TARGET = 13.0;
				MTL_ENABLE_DEBUG_INFO = INCLUDE_SOURCE;
				MTL_FAST_MATH = YES;
				ONLY_ACTIVE_ARCH = YES;
				SDKROOT = iphoneos;
				SWIFT_ACTIVE_COMPILATION_CONDITIONS = DEBUG;
				SWIFT_OPTIMIZATION_LEVEL = "-Onone";
			};
			name = Debug;
		};
		6EF23C80236B55A80086A8ED /* Release */ = {
			isa = XCBuildConfiguration;
			buildSettings = {
				ALWAYS_SEARCH_USER_PATHS = NO;
				CLANG_ANALYZER_NONNULL = YES;
				CLANG_ANALYZER_NUMBER_OBJECT_CONVERSION = YES_AGGRESSIVE;
				CLANG_CXX_LANGUAGE_STANDARD = "gnu++14";
				CLANG_CXX_LIBRARY = "libc++";
				CLANG_ENABLE_MODULES = YES;
				CLANG_ENABLE_OBJC_ARC = YES;
				CLANG_ENABLE_OBJC_WEAK = YES;
				CLANG_WARN_BLOCK_CAPTURE_AUTORELEASING = YES;
				CLANG_WARN_BOOL_CONVERSION = YES;
				CLANG_WARN_COMMA = YES;
				CLANG_WARN_CONSTANT_CONVERSION = YES;
				CLANG_WARN_DEPRECATED_OBJC_IMPLEMENTATIONS = YES;
				CLANG_WARN_DIRECT_OBJC_ISA_USAGE = YES_ERROR;
				CLANG_WARN_DOCUMENTATION_COMMENTS = YES;
				CLANG_WARN_EMPTY_BODY = YES;
				CLANG_WARN_ENUM_CONVERSION = YES;
				CLANG_WARN_INFINITE_RECURSION = YES;
				CLANG_WARN_INT_CONVERSION = YES;
				CLANG_WARN_NON_LITERAL_NULL_CONVERSION = YES;
				CLANG_WARN_OBJC_IMPLICIT_RETAIN_SELF = YES;
				CLANG_WARN_OBJC_LITERAL_CONVERSION = YES;
				CLANG_WARN_OBJC_ROOT_CLASS = YES_ERROR;
				CLANG_WARN_RANGE_LOOP_ANALYSIS = YES;
				CLANG_WARN_STRICT_PROTOTYPES = YES;
				CLANG_WARN_SUSPICIOUS_MOVE = YES;
				CLANG_WARN_UNGUARDED_AVAILABILITY = YES_AGGRESSIVE;
				CLANG_WARN_UNREACHABLE_CODE = YES;
				CLANG_WARN__DUPLICATE_METHOD_MATCH = YES;
				COPY_PHASE_STRIP = NO;
				DEBUG_INFORMATION_FORMAT = "dwarf-with-dsym";
				ENABLE_NS_ASSERTIONS = NO;
				ENABLE_STRICT_OBJC_MSGSEND = YES;
				GCC_C_LANGUAGE_STANDARD = gnu11;
				GCC_NO_COMMON_BLOCKS = YES;
				GCC_WARN_64_TO_32_BIT_CONVERSION = YES;
				GCC_WARN_ABOUT_RETURN_TYPE = YES_ERROR;
				GCC_WARN_UNDECLARED_SELECTOR = YES;
				GCC_WARN_UNINITIALIZED_AUTOS = YES_AGGRESSIVE;
				GCC_WARN_UNUSED_FUNCTION = YES;
				GCC_WARN_UNUSED_VARIABLE = YES;
				IPHONEOS_DEPLOYMENT_TARGET = 13.0;
				MTL_ENABLE_DEBUG_INFO = NO;
				MTL_FAST_MATH = YES;
				SDKROOT = iphoneos;
				SWIFT_COMPILATION_MODE = wholemodule;
				SWIFT_OPTIMIZATION_LEVEL = "-O";
				VALIDATE_PRODUCT = YES;
			};
			name = Release;
		};
		6EF23C82236B55A80086A8ED /* Debug */ = {
			isa = XCBuildConfiguration;
			buildSettings = {
				ASSETCATALOG_COMPILER_APPICON_NAME = AppIcon;
				CODE_SIGN_STYLE = Automatic;
				DEVELOPMENT_TEAM = 3FC5P297B6;
				INFOPLIST_FILE = TowerOfHanoi/Core/Info.plist;
				LD_RUNPATH_SEARCH_PATHS = (
					"$(inherited)",
					"@executable_path/Frameworks",
				);
				PRODUCT_BUNDLE_IDENTIFIER = br.com.bepiducb.TowerOfHanoi;
				PRODUCT_NAME = "$(TARGET_NAME)";
				SWIFT_VERSION = 5.0;
				TARGETED_DEVICE_FAMILY = "1,2";
			};
			name = Debug;
		};
		6EF23C83236B55A80086A8ED /* Release */ = {
			isa = XCBuildConfiguration;
			buildSettings = {
				ASSETCATALOG_COMPILER_APPICON_NAME = AppIcon;
				CODE_SIGN_STYLE = Automatic;
				DEVELOPMENT_TEAM = 3FC5P297B6;
				INFOPLIST_FILE = TowerOfHanoi/Core/Info.plist;
				LD_RUNPATH_SEARCH_PATHS = (
					"$(inherited)",
					"@executable_path/Frameworks",
				);
				PRODUCT_BUNDLE_IDENTIFIER = br.com.bepiducb.TowerOfHanoi;
				PRODUCT_NAME = "$(TARGET_NAME)";
				SWIFT_VERSION = 5.0;
				TARGETED_DEVICE_FAMILY = "1,2";
			};
			name = Release;
		};
/* End XCBuildConfiguration section */

/* Begin XCConfigurationList section */
		6EF23C68236B55A30086A8ED /* Build configuration list for PBXProject "TowerOfHanoi" */ = {
			isa = XCConfigurationList;
			buildConfigurations = (
				6EF23C7F236B55A80086A8ED /* Debug */,
				6EF23C80236B55A80086A8ED /* Release */,
			);
			defaultConfigurationIsVisible = 0;
			defaultConfigurationName = Release;
		};
		6EF23C81236B55A80086A8ED /* Build configuration list for PBXNativeTarget "TowerOfHanoi" */ = {
			isa = XCConfigurationList;
			buildConfigurations = (
				6EF23C82236B55A80086A8ED /* Debug */,
				6EF23C83236B55A80086A8ED /* Release */,
			);
			defaultConfigurationIsVisible = 0;
			defaultConfigurationName = Release;
		};
/* End XCConfigurationList section */
	};
	rootObject = 6EF23C65236B55A30086A8ED /* Project object */;
}
